
Microsoft Visual Studio Solution File, Format Version 12.00
# Visual Studio Version 17
VisualStudioVersion = 17.4.33403.182
MinimumVisualStudioVersion = 10.0.40219.1
Project("{9A19103F-16F7-4668-BE54-9A1E7A4F7556}") = "StandBy.Web", "src\StandBy.Web\StandBy.Web.csproj", "{4384FEE8-4A75-4B9D-9590-401A080004A7}"
EndProject
Project("{9A19103F-16F7-4668-BE54-9A1E7A4F7556}") = "StandyBy.Data", "src\StandyBy.Data\StandyBy.Data.csproj", "{88F19030-B205-4A17-89E1-7191A334B269}"
EndProject
Project("{9A19103F-16F7-4668-BE54-9A1E7A4F7556}") = "StandBy.Business", "src\StandBy.Business\StandBy.Business.csproj", "{363C1242-ECD3-449A-B330-A3612AAD458A}"
EndProject
Project("{FAE04EC0-301F-11D3-BF4B-00C04F79EFBC}") = "StandyBy.Api", "src\StandyBy.Api\StandyBy.Api.csproj", "{12E4D95F-856E-4105-A7E1-CA6CFC05E851}"
EndProject
Global
	GlobalSection(SolutionConfigurationPlatforms) = preSolution
		Debug|Any CPU = Debug|Any CPU
		Release|Any CPU = Release|Any CPU
	EndGlobalSection
	GlobalSection(ProjectConfigurationPlatforms) = postSolution
		{4384FEE8-4A75-4B9D-9590-401A080004A7}.Debug|Any CPU.ActiveCfg = Debug|Any CPU
		{4384FEE8-4A75-4B9D-9590-401A080004A7}.Debug|Any CPU.Build.0 = Debug|Any CPU
		{4384FEE8-4A75-4B9D-9590-401A080004A7}.Release|Any CPU.ActiveCfg = Release|Any CPU
		{4384FEE8-4A75-4B9D-9590-401A080004A7}.Release|Any CPU.Build.0 = Release|Any CPU
		{88F19030-B205-4A17-89E1-7191A334B269}.Debug|Any CPU.ActiveCfg = Debug|Any CPU
		{88F19030-B205-4A17-89E1-7191A334B269}.Debug|Any CPU.Build.0 = Debug|Any CPU
		{88F19030-B205-4A17-89E1-7191A334B269}.Release|Any CPU.ActiveCfg = Release|Any CPU
		{88F19030-B205-4A17-89E1-7191A334B269}.Release|Any CPU.Build.0 = Release|Any CPU
		{363C1242-ECD3-449A-B330-A3612AAD458A}.Debug|Any CPU.ActiveCfg = Debug|Any CPU
		{363C1242-ECD3-449A-B330-A3612AAD458A}.Debug|Any CPU.Build.0 = Debug|Any CPU
		{363C1242-ECD3-449A-B330-A3612AAD458A}.Release|Any CPU.ActiveCfg = Release|Any CPU
		{363C1242-ECD3-449A-B330-A3612AAD458A}.Release|Any CPU.Build.0 = Release|Any CPU
		{12E4D95F-856E-4105-A7E1-CA6CFC05E851}.Debug|Any CPU.ActiveCfg = Debug|Any CPU
		{12E4D95F-856E-4105-A7E1-CA6CFC05E851}.Debug|Any CPU.Build.0 = Debug|Any CPU
		{12E4D95F-856E-4105-A7E1-CA6CFC05E851}.Release|Any CPU.ActiveCfg = Release|Any CPU
		{12E4D95F-856E-4105-A7E1-CA6CFC05E851}.Release|Any CPU.Build.0 = Release|Any CPU
	EndGlobalSection
	GlobalSection(SolutionProperties) = preSolution
		HideSolutionNode = FALSE
	EndGlobalSection
	GlobalSection(ExtensibilityGlobals) = postSolution
		SolutionGuid = {A8327B52-41F2-4635-A80E-08195A7F3E82}
	EndGlobalSection
EndGlobal
